
Microsoft Visual Studio Solution File, Format Version 12.00
# Visual Studio Version 16
VisualStudioVersion = 16.0.30128.74
MinimumVisualStudioVersion = 10.0.40219.1
Project("{FAE04EC0-301F-11D3-BF4B-00C04F79EFBC}") = "FirstApp", "FirstApp\FirstApp.csproj", "{5821EBEE-303C-4C05-8B4B-9A14307B9FCD}"
EndProject
Global
	GlobalSection(SolutionConfigurationPlatforms) = preSolution
		Debug|Any CPU = Debug|Any CPU
		Release|Any CPU = Release|Any CPU
	EndGlobalSection
	GlobalSection(ProjectConfigurationPlatforms) = postSolution
		{5821EBEE-303C-4C05-8B4B-9A14307B9FCD}.Debug|Any CPU.ActiveCfg = Debug|Any CPU
		{5821EBEE-303C-4C05-8B4B-9A14307B9FCD}.Debug|Any CPU.Build.0 = Debug|Any CPU
		{5821EBEE-303C-4C05-8B4B-9A14307B9FCD}.Release|Any CPU.ActiveCfg = Release|Any CPU
		{5821EBEE-303C-4C05-8B4B-9A14307B9FCD}.Release|Any CPU.Build.0 = Release|Any CPU
	EndGlobalSection
	GlobalSection(SolutionProperties) = preSolution
		HideSolutionNode = FALSE
	EndGlobalSection
	GlobalSection(ExtensibilityGlobals) = postSolution
		SolutionGuid = {82CF8227-73BB-4E74-845B-EE4AF0E3FB93}
	EndGlobalSection
EndGlobal
